
Microsoft Visual Studio Solution File, Format Version 12.00
# Visual Studio Version 16
VisualStudioVersion = 16.0.31702.278
MinimumVisualStudioVersion = 10.0.40219.1
Project("{8BC9CEB8-8B4A-11D0-8D11-00A0C91BC942}") = "NumericalMethods", "NumericalMethods\NumericalMethods.vcxproj", "{E4830CD3-DF70-47F2-A02E-18DB7A8DA6D9}"
EndProject
Project("{8BC9CEB8-8B4A-11D0-8D11-00A0C91BC942}") = "NumericalMethodsDevelop", "NumericalMethodsDevelop\NumericalMethodsDevelop.vcxproj", "{B40AA2A1-EFAC-4175-B330-C1F9AF1278EF}"
EndProject
Global
	GlobalSection(SolutionConfigurationPlatforms) = preSolution
		Debug|x64 = Debug|x64
		Debug|x86 = Debug|x86
		Release|x64 = Release|x64
		Release|x86 = Release|x86
	EndGlobalSection
	GlobalSection(ProjectConfigurationPlatforms) = postSolution
		{E4830CD3-DF70-47F2-A02E-18DB7A8DA6D9}.Debug|x64.ActiveCfg = Debug|x64
		{E4830CD3-DF70-47F2-A02E-18DB7A8DA6D9}.Debug|x64.Build.0 = Debug|x64
		{E4830CD3-DF70-47F2-A02E-18DB7A8DA6D9}.Debug|x86.ActiveCfg = Debug|Win32
		{E4830CD3-DF70-47F2-A02E-18DB7A8DA6D9}.Debug|x86.Build.0 = Debug|Win32
		{E4830CD3-DF70-47F2-A02E-18DB7A8DA6D9}.Release|x64.ActiveCfg = Release|x64
		{E4830CD3-DF70-47F2-A02E-18DB7A8DA6D9}.Release|x64.Build.0 = Release|x64
		{E4830CD3-DF70-47F2-A02E-18DB7A8DA6D9}.Release|x86.ActiveCfg = Release|Win32
		{E4830CD3-DF70-47F2-A02E-18DB7A8DA6D9}.Release|x86.Build.0 = Release|Win32
		{B40AA2A1-EFAC-4175-B330-C1F9AF1278EF}.Debug|x64.ActiveCfg = Debug|x64
		{B40AA2A1-EFAC-4175-B330-C1F9AF1278EF}.Debug|x64.Build.0 = Debug|x64
		{B40AA2A1-EFAC-4175-B330-C1F9AF1278EF}.Debug|x86.ActiveCfg = Debug|Win32
		{B40AA2A1-EFAC-4175-B330-C1F9AF1278EF}.Debug|x86.Build.0 = Debug|Win32
		{B40AA2A1-EFAC-4175-B330-C1F9AF1278EF}.Release|x64.ActiveCfg = Release|x64
		{B40AA2A1-EFAC-4175-B330-C1F9AF1278EF}.Release|x64.Build.0 = Release|x64
		{B40AA2A1-EFAC-4175-B330-C1F9AF1278EF}.Release|x86.ActiveCfg = Release|Win32
		{B40AA2A1-EFAC-4175-B330-C1F9AF1278EF}.Release|x86.Build.0 = Release|Win32
	EndGlobalSection
	GlobalSection(SolutionProperties) = preSolution
		HideSolutionNode = FALSE
	EndGlobalSection
	GlobalSection(ExtensibilityGlobals) = postSolution
		SolutionGuid = {33A5A349-9960-4477-BA95-FC0B36DC4C5C}
	EndGlobalSection
EndGlobal
